
Microsoft Visual Studio Solution File, Format Version 12.00
# Visual Studio Version 16
VisualStudioVersion = 16.0.30002.166
MinimumVisualStudioVersion = 10.0.40219.1
Project("{9A19103F-16F7-4668-BE54-9A1E7A4F7556}") = "KafkaConsumer", "KafkaConsumer.csproj", "{2B3936B9-FC03-4336-9AED-149A27C63B15}"
EndProject
Global
	GlobalSection(SolutionConfigurationPlatforms) = preSolution
		Debug|Any CPU = Debug|Any CPU
		Release|Any CPU = Release|Any CPU
	EndGlobalSection
	GlobalSection(ProjectConfigurationPlatforms) = postSolution
		{2B3936B9-FC03-4336-9AED-149A27C63B15}.Debug|Any CPU.ActiveCfg = Debug|Any CPU
		{2B3936B9-FC03-4336-9AED-149A27C63B15}.Debug|Any CPU.Build.0 = Debug|Any CPU
		{2B3936B9-FC03-4336-9AED-149A27C63B15}.Release|Any CPU.ActiveCfg = Release|Any CPU
		{2B3936B9-FC03-4336-9AED-149A27C63B15}.Release|Any CPU.Build.0 = Release|Any CPU
	EndGlobalSection
	GlobalSection(SolutionProperties) = preSolution
		HideSolutionNode = FALSE
	EndGlobalSection
	GlobalSection(ExtensibilityGlobals) = postSolution
		SolutionGuid = {578D9FBA-ACEA-4D19-BA26-BD83C37D3FAF}
	EndGlobalSection
EndGlobal
